// !$*UTF8*$!
{
	archiveVersion = 1;
	classes = {
	};
	objectVersion = 77;
	objects = {

/* Begin PBXBuildFile section */
		841D2F8A2E5B217700D622AC /* Lottie in Frameworks */ = {isa = PBXBuildFile; productRef = 841D2F892E5B217700D622AC /* Lottie */; };
/* End PBXBuildFile section */

/* Begin PBXContainerItemProxy section */
		84C8F22F2E57D16500A92991 /* PBXContainerItemProxy */ = {
			isa = PBXContainerItemProxy;
			containerPortal = 84C8F2172E57D16400A92991 /* Project object */;
			proxyType = 1;
			remoteGlobalIDString = 84C8F21E2E57D16400A92991;
			remoteInfo = GitLook;
		};
		84C8F2392E57D16500A92991 /* PBXContainerItemProxy */ = {
			isa = PBXContainerItemProxy;
			containerPortal = 84C8F2172E57D16400A92991 /* Project object */;
			proxyType = 1;
			remoteGlobalIDString = 84C8F21E2E57D16400A92991;
			remoteInfo = GitLook;
		};
/* End PBXContainerItemProxy section */

/* Begin PBXFileReference section */
		84C8F21F2E57D16400A92991 /* GitExplore.app */ = {isa = PBXFileReference; explicitFileType = wrapper.application; includeInIndex = 0; path = GitExplore.app; sourceTree = BUILT_PRODUCTS_DIR; };
		84C8F22E2E57D16500A92991 /* GitExploreTests.xctest */ = {isa = PBXFileReference; explicitFileType = wrapper.cfbundle; includeInIndex = 0; path = GitExploreTests.xctest; sourceTree = BUILT_PRODUCTS_DIR; };
		84C8F2382E57D16500A92991 /* GitExploreUITests.xctest */ = {isa = PBXFileReference; explicitFileType = wrapper.cfbundle; includeInIndex = 0; path = GitExploreUITests.xctest; sourceTree = BUILT_PRODUCTS_DIR; };
/* End PBXFileReference section */

/* Begin PBXFileSystemSynchronizedBuildFileExceptionSet section */
		848E597F2E5B9C8A00BE4525 /* Exceptions for "GitExplore" folder in "GitExplore" target */ = {
			isa = PBXFileSystemSynchronizedBuildFileExceptionSet;
			membershipExceptions = (
				Info.plist,
			);
			target = 84C8F21E2E57D16400A92991 /* GitExplore */;
		};
/* End PBXFileSystemSynchronizedBuildFileExceptionSet section */

/* Begin PBXFileSystemSynchronizedRootGroup section */
		84C8F2212E57D16400A92991 /* GitExplore */ = {
			isa = PBXFileSystemSynchronizedRootGroup;
			exceptions = (
				848E597F2E5B9C8A00BE4525 /* Exceptions for "GitExplore" folder in "GitExplore" target */,
			);
			path = GitExplore;
			sourceTree = "<group>";
		};
		84C8F2312E57D16500A92991 /* GiExploreTests */ = {
			isa = PBXFileSystemSynchronizedRootGroup;
			path = GiExploreTests;
			sourceTree = "<group>";
		};
		84C8F23B2E57D16500A92991 /* GiExploreUITests */ = {
			isa = PBXFileSystemSynchronizedRootGroup;
			path = GiExploreUITests;
			sourceTree = "<group>";
		};
/* End PBXFileSystemSynchronizedRootGroup section */

/* Begin PBXFrameworksBuildPhase section */
		84C8F21C2E57D16400A92991 /* Frameworks */ = {
			isa = PBXFrameworksBuildPhase;
			buildActionMask = 2147483647;
			files = (
				841D2F8A2E5B217700D622AC /* Lottie in Frameworks */,
			);
			runOnlyForDeploymentPostprocessing = 0;
		};
		84C8F22B2E57D16500A92991 /* Frameworks */ = {
			isa = PBXFrameworksBuildPhase;
			buildActionMask = 2147483647;
			files = (
			);
			runOnlyForDeploymentPostprocessing = 0;
		};
		84C8F2352E57D16500A92991 /* Frameworks */ = {
			isa = PBXFrameworksBuildPhase;
			buildActionMask = 2147483647;
			files = (
			);
			runOnlyForDeploymentPostprocessing = 0;
		};
/* End PBXFrameworksBuildPhase section */

/* Begin PBXGroup section */
		84C8F2162E57D16400A92991 = {
			isa = PBXGroup;
			children = (
				84C8F2212E57D16400A92991 /* GitExplore */,
				84C8F2312E57D16500A92991 /* GiExploreTests */,
				84C8F23B2E57D16500A92991 /* GiExploreUITests */,
				84C8F2202E57D16400A92991 /* Products */,
			);
			sourceTree = "<group>";
		};
		84C8F2202E57D16400A92991 /* Products */ = {
			isa = PBXGroup;
			children = (
				84C8F21F2E57D16400A92991 /* GitExplore.app */,
				84C8F22E2E57D16500A92991 /* GitExploreTests.xctest */,
				84C8F2382E57D16500A92991 /* GitExploreUITests.xctest */,
			);
			name = Products;
			sourceTree = "<group>";
		};
/* End PBXGroup section */

/* Begin PBXNativeTarget section */
		84C8F21E2E57D16400A92991 /* GitExplore */ = {
			isa = PBXNativeTarget;
			buildConfigurationList = 84C8F2422E57D16500A92991 /* Build configuration list for PBXNativeTarget "GitExplore" */;
			buildPhases = (
				84C8F21B2E57D16400A92991 /* Sources */,
				84C8F21C2E57D16400A92991 /* Frameworks */,
				84C8F21D2E57D16400A92991 /* Resources */,
			);
			buildRules = (
			);
			dependencies = (
			);
			fileSystemSynchronizedGroups = (
				84C8F2212E57D16400A92991 /* GitExplore */,
			);
			name = GitExplore;
			packageProductDependencies = (
				841D2F892E5B217700D622AC /* Lottie */,
			);
			productName = GitLook;
			productReference = 84C8F21F2E57D16400A92991 /* GitExplore.app */;
			productType = "com.apple.product-type.application";
		};
		84C8F22D2E57D16500A92991 /* GitExploreTests */ = {
			isa = PBXNativeTarget;
			buildConfigurationList = 84C8F2452E57D16500A92991 /* Build configuration list for PBXNativeTarget "GitExploreTests" */;
			buildPhases = (
				84C8F22A2E57D16500A92991 /* Sources */,
				84C8F22B2E57D16500A92991 /* Frameworks */,
				84C8F22C2E57D16500A92991 /* Resources */,
			);
			buildRules = (
			);
			dependencies = (
				84C8F2302E57D16500A92991 /* PBXTargetDependency */,
			);
			fileSystemSynchronizedGroups = (
				84C8F2312E57D16500A92991 /* GiExploreTests */,
			);
			name = GitExploreTests;
			packageProductDependencies = (
			);
			productName = GitLookTests;
			productReference = 84C8F22E2E57D16500A92991 /* GitExploreTests.xctest */;
			productType = "com.apple.product-type.bundle.unit-test";
		};
		84C8F2372E57D16500A92991 /* GitExploreUITests */ = {
			isa = PBXNativeTarget;
			buildConfigurationList = 84C8F2482E57D16500A92991 /* Build configuration list for PBXNativeTarget "GitExploreUITests" */;
			buildPhases = (
				84C8F2342E57D16500A92991 /* Sources */,
				84C8F2352E57D16500A92991 /* Frameworks */,
				84C8F2362E57D16500A92991 /* Resources */,
			);
			buildRules = (
			);
			dependencies = (
				84C8F23A2E57D16500A92991 /* PBXTargetDependency */,
			);
			fileSystemSynchronizedGroups = (
				84C8F23B2E57D16500A92991 /* GiExploreUITests */,
			);
			name = GitExploreUITests;
			packageProductDependencies = (
			);
			productName = GitLookUITests;
			productReference = 84C8F2382E57D16500A92991 /* GitExploreUITests.xctest */;
			productType = "com.apple.product-type.bundle.ui-testing";
		};
/* End PBXNativeTarget section */

/* Begin PBXProject section */
		84C8F2172E57D16400A92991 /* Project object */ = {
			isa = PBXProject;
			attributes = {
				BuildIndependentTargetsInParallel = 1;
				LastSwiftUpdateCheck = 1640;
				LastUpgradeCheck = 1640;
				TargetAttributes = {
					84C8F21E2E57D16400A92991 = {
						CreatedOnToolsVersion = 16.4;
					};
					84C8F22D2E57D16500A92991 = {
						CreatedOnToolsVersion = 16.4;
						TestTargetID = 84C8F21E2E57D16400A92991;
					};
					84C8F2372E57D16500A92991 = {
						CreatedOnToolsVersion = 16.4;
						TestTargetID = 84C8F21E2E57D16400A92991;
					};
				};
			};
			buildConfigurationList = 84C8F21A2E57D16400A92991 /* Build configuration list for PBXProject "GitExplore" */;
			developmentRegion = en;
			hasScannedForEncodings = 0;
			knownRegions = (
				en,
				Base,
			);
			mainGroup = 84C8F2162E57D16400A92991;
			minimizedProjectReferenceProxies = 1;
			packageReferences = (
				841D2F882E5B210B00D622AC /* XCRemoteSwiftPackageReference "lottie-ios" */,
			);
			preferredProjectObjectVersion = 77;
			productRefGroup = 84C8F2202E57D16400A92991 /* Products */;
			projectDirPath = "";
			projectRoot = "";
			targets = (
				84C8F21E2E57D16400A92991 /* GitExplore */,
				84C8F22D2E57D16500A92991 /* GitExploreTests */,
				84C8F2372E57D16500A92991 /* GitExploreUITests */,
			);
		};
/* End PBXProject section */

/* Begin PBXResourcesBuildPhase section */
		84C8F21D2E57D16400A92991 /* Resources */ = {
			isa = PBXResourcesBuildPhase;
			buildActionMask = 2147483647;
			files = (
			);
			runOnlyForDeploymentPostprocessing = 0;
		};
		84C8F22C2E57D16500A92991 /* Resources */ = {
			isa = PBXResourcesBuildPhase;
			buildActionMask = 2147483647;
			files = (
			);
			runOnlyForDeploymentPostprocessing = 0;
		};
		84C8F2362E57D16500A92991 /* Resources */ = {
			isa = PBXResourcesBuildPhase;
			buildActionMask = 2147483647;
			files = (
			);
			runOnlyForDeploymentPostprocessing = 0;
		};
/* End PBXResourcesBuildPhase section */

/* Begin PBXSourcesBuildPhase section */
		84C8F21B2E57D16400A92991 /* Sources */ = {
			isa = PBXSourcesBuildPhase;
			buildActionMask = 2147483647;
			files = (
			);
			runOnlyForDeploymentPostprocessing = 0;
		};
		84C8F22A2E57D16500A92991 /* Sources */ = {
			isa = PBXSourcesBuildPhase;
			buildActionMask = 2147483647;
			files = (
			);
			runOnlyForDeploymentPostprocessing = 0;
		};
		84C8F2342E57D16500A92991 /* Sources */ = {
			isa = PBXSourcesBuildPhase;
			buildActionMask = 2147483647;
			files = (
			);
			runOnlyForDeploymentPostprocessing = 0;
		};
/* End PBXSourcesBuildPhase section */

/* Begin PBXTargetDependency section */
		84C8F2302E57D16500A92991 /* PBXTargetDependency */ = {
			isa = PBXTargetDependency;
			target = 84C8F21E2E57D16400A92991 /* GitExplore */;
			targetProxy = 84C8F22F2E57D16500A92991 /* PBXContainerItemProxy */;
		};
		84C8F23A2E57D16500A92991 /* PBXTargetDependency */ = {
			isa = PBXTargetDependency;
			target = 84C8F21E2E57D16400A92991 /* GitExplore */;
			targetProxy = 84C8F2392E57D16500A92991 /* PBXContainerItemProxy */;
		};
/* End PBXTargetDependency section */

/* Begin XCBuildConfiguration section */
		84C8F2402E57D16500A92991 /* Debug */ = {
			isa = XCBuildConfiguration;
			buildSettings = {
				ALWAYS_SEARCH_USER_PATHS = NO;
				ASSETCATALOG_COMPILER_GENERATE_SWIFT_ASSET_SYMBOL_EXTENSIONS = YES;
				CLANG_ANALYZER_NONNULL = YES;
				CLANG_ANALYZER_NUMBER_OBJECT_CONVERSION = YES_AGGRESSIVE;
				CLANG_CXX_LANGUAGE_STANDARD = "gnu++20";
				CLANG_ENABLE_MODULES = YES;
				CLANG_ENABLE_OBJC_ARC = YES;
				CLANG_ENABLE_OBJC_WEAK = YES;
				CLANG_WARN_BLOCK_CAPTURE_AUTORELEASING = YES;
				CLANG_WARN_BOOL_CONVERSION = YES;
				CLANG_WARN_COMMA = YES;
				CLANG_WARN_CONSTANT_CONVERSION = YES;
				CLANG_WARN_DEPRECATED_OBJC_IMPLEMENTATIONS = YES;
				CLANG_WARN_DIRECT_OBJC_ISA_USAGE = YES_ERROR;
				CLANG_WARN_DOCUMENTATION_COMMENTS = YES;
				CLANG_WARN_EMPTY_BODY = YES;
				CLANG_WARN_ENUM_CONVERSION = YES;
				CLANG_WARN_INFINITE_RECURSION = YES;
				CLANG_WARN_INT_CONVERSION = YES;
				CLANG_WARN_NON_LITERAL_NULL_CONVERSION = YES;
				CLANG_WARN_OBJC_IMPLICIT_RETAIN_SELF = YES;
				CLANG_WARN_OBJC_LITERAL_CONVERSION = YES;
				CLANG_WARN_OBJC_ROOT_CLASS = YES_ERROR;
				CLANG_WARN_QUOTED_INCLUDE_IN_FRAMEWORK_HEADER = YES;
				CLANG_WARN_RANGE_LOOP_ANALYSIS = YES;
				CLANG_WARN_STRICT_PROTOTYPES = YES;
				CLANG_WARN_SUSPICIOUS_MOVE = YES;
				CLANG_WARN_UNGUARDED_AVAILABILITY = YES_AGGRESSIVE;
				CLANG_WARN_UNREACHABLE_CODE = YES;
				CLANG_WARN__DUPLICATE_METHOD_MATCH = YES;
				COPY_PHASE_STRIP = NO;
				DEBUG_INFORMATION_FORMAT = dwarf;
				ENABLE_STRICT_OBJC_MSGSEND = YES;
				ENABLE_TESTABILITY = YES;
				ENABLE_USER_SCRIPT_SANDBOXING = YES;
				GCC_C_LANGUAGE_STANDARD = gnu17;
				GCC_DYNAMIC_NO_PIC = NO;
				GCC_NO_COMMON_BLOCKS = YES;
				GCC_OPTIMIZATION_LEVEL = 0;
				GCC_PREPROCESSOR_DEFINITIONS = (
					"DEBUG=1",
					"$(inherited)",
				);
				GCC_WARN_64_TO_32_BIT_CONVERSION = YES;
				GCC_WARN_ABOUT_RETURN_TYPE = YES_ERROR;
				GCC_WARN_UNDECLARED_SELECTOR = YES;
				GCC_WARN_UNINITIALIZED_AUTOS = YES_AGGRESSIVE;
				GCC_WARN_UNUSED_FUNCTION = YES;
				GCC_WARN_UNUSED_VARIABLE = YES;
				IPHONEOS_DEPLOYMENT_TARGET = 18.5;
				LOCALIZATION_PREFERS_STRING_CATALOGS = YES;
				MTL_ENABLE_DEBUG_INFO = INCLUDE_SOURCE;
				MTL_FAST_MATH = YES;
				ONLY_ACTIVE_ARCH = YES;
				SDKROOT = iphoneos;
				SWIFT_ACTIVE_COMPILATION_CONDITIONS = "DEBUG $(inherited)";
				SWIFT_OPTIMIZATION_LEVEL = "-Onone";
			};
			name = Debug;
		};
		84C8F2412E57D16500A92991 /* Release */ = {
			isa = XCBuildConfiguration;
			buildSettings = {
				ALWAYS_SEARCH_USER_PATHS = NO;
				ASSETCATALOG_COMPILER_GENERATE_SWIFT_ASSET_SYMBOL_EXTENSIONS = YES;
				CLANG_ANALYZER_NONNULL = YES;
				CLANG_ANALYZER_NUMBER_OBJECT_CONVERSION = YES_AGGRESSIVE;
				CLANG_CXX_LANGUAGE_STANDARD = "gnu++20";
				CLANG_ENABLE_MODULES = YES;
				CLANG_ENABLE_OBJC_ARC = YES;
				CLANG_ENABLE_OBJC_WEAK = YES;
				CLANG_WARN_BLOCK_CAPTURE_AUTORELEASING = YES;
				CLANG_WARN_BOOL_CONVERSION = YES;
				CLANG_WARN_COMMA = YES;
				CLANG_WARN_CONSTANT_CONVERSION = YES;
				CLANG_WARN_DEPRECATED_OBJC_IMPLEMENTATIONS = YES;
				CLANG_WARN_DIRECT_OBJC_ISA_USAGE = YES_ERROR;
				CLANG_WARN_DOCUMENTATION_COMMENTS = YES;
				CLANG_WARN_EMPTY_BODY = YES;
				CLANG_WARN_ENUM_CONVERSION = YES;
				CLANG_WARN_INFINITE_RECURSION = YES;
				CLANG_WARN_INT_CONVERSION = YES;
				CLANG_WARN_NON_LITERAL_NULL_CONVERSION = YES;
				CLANG_WARN_OBJC_IMPLICIT_RETAIN_SELF = YES;
				CLANG_WARN_OBJC_LITERAL_CONVERSION = YES;
				CLANG_WARN_OBJC_ROOT_CLASS = YES_ERROR;
				CLANG_WARN_QUOTED_INCLUDE_IN_FRAMEWORK_HEADER = YES;
				CLANG_WARN_RANGE_LOOP_ANALYSIS = YES;
				CLANG_WARN_STRICT_PROTOTYPES = YES;
				CLANG_WARN_SUSPICIOUS_MOVE = YES;
				CLANG_WARN_UNGUARDED_AVAILABILITY = YES_AGGRESSIVE;
				CLANG_WARN_UNREACHABLE_CODE = YES;
				CLANG_WARN__DUPLICATE_METHOD_MATCH = YES;
				COPY_PHASE_STRIP = NO;
				DEBUG_INFORMATION_FORMAT = "dwarf-with-dsym";
				ENABLE_NS_ASSERTIONS = NO;
				ENABLE_STRICT_OBJC_MSGSEND = YES;
				ENABLE_USER_SCRIPT_SANDBOXING = YES;
				GCC_C_LANGUAGE_STANDARD = gnu17;
				GCC_NO_COMMON_BLOCKS = YES;
				GCC_WARN_64_TO_32_BIT_CONVERSION = YES;
				GCC_WARN_ABOUT_RETURN_TYPE = YES_ERROR;
				GCC_WARN_UNDECLARED_SELECTOR = YES;
				GCC_WARN_UNINITIALIZED_AUTOS = YES_AGGRESSIVE;
				GCC_WARN_UNUSED_FUNCTION = YES;
				GCC_WARN_UNUSED_VARIABLE = YES;
				IPHONEOS_DEPLOYMENT_TARGET = 18.5;
				LOCALIZATION_PREFERS_STRING_CATALOGS = YES;
				MTL_ENABLE_DEBUG_INFO = NO;
				MTL_FAST_MATH = YES;
				SDKROOT = iphoneos;
				SWIFT_COMPILATION_MODE = wholemodule;
				VALIDATE_PRODUCT = YES;
			};
			name = Release;
		};
		84C8F2432E57D16500A92991 /* Debug */ = {
			isa = XCBuildConfiguration;
			buildSettings = {
				ASSETCATALOG_COMPILER_APPICON_NAME = AppIcon;
				ASSETCATALOG_COMPILER_GLOBAL_ACCENT_COLOR_NAME = AccentColor;
				CODE_SIGN_STYLE = Automatic;
				CURRENT_PROJECT_VERSION = 1;
				ENABLE_PREVIEWS = YES;
				GENERATE_INFOPLIST_FILE = YES;
				INFOPLIST_FILE = GitExplore/Info.plist;
				INFOPLIST_KEY_UIApplicationSceneManifest_Generation = YES;
				INFOPLIST_KEY_UILaunchStoryboardName = LaunchScreen;
				INFOPLIST_KEY_UISupportedInterfaceOrientations_iPad = "UIInterfaceOrientationPortrait UIInterfaceOrientationPortraitUpsideDown UIInterfaceOrientationLandscapeLeft UIInterfaceOrientationLandscapeRight";
				INFOPLIST_KEY_UISupportedInterfaceOrientations_iPhone = "UIInterfaceOrientationPortrait UIInterfaceOrientationLandscapeLeft UIInterfaceOrientationLandscapeRight";
				IPHONEOS_DEPLOYMENT_TARGET = 17.6;
				LD_RUNPATH_SEARCH_PATHS = (
					"$(inherited)",
					"@executable_path/Frameworks",
				);
				MARKETING_VERSION = 1.0;
				PRODUCT_BUNDLE_IDENTIFIER = com.mariaehab.GitLook;
				PRODUCT_NAME = "$(TARGET_NAME)";
				SWIFT_EMIT_LOC_STRINGS = YES;
				SWIFT_VERSION = 5.0;
				TARGETED_DEVICE_FAMILY = "1,2";
			};
			name = Debug;
		};
		84C8F2442E57D16500A92991 /* Release */ = {
			isa = XCBuildConfiguration;
			buildSettings = {
				ASSETCATALOG_COMPILER_APPICON_NAME = AppIcon;
				ASSETCATALOG_COMPILER_GLOBAL_ACCENT_COLOR_NAME = AccentColor;
				CODE_SIGN_STYLE = Automatic;
				CURRENT_PROJECT_VERSION = 1;
				ENABLE_PREVIEWS = YES;
				GENERATE_INFOPLIST_FILE = YES;
				INFOPLIST_FILE = GitExplore/Info.plist;
				INFOPLIST_KEY_UIApplicationSceneManifest_Generation = YES;
				INFOPLIST_KEY_UILaunchStoryboardName = LaunchScreen;
				INFOPLIST_KEY_UISupportedInterfaceOrientations_iPad = "UIInterfaceOrientationPortrait UIInterfaceOrientationPortraitUpsideDown UIInterfaceOrientationLandscapeLeft UIInterfaceOrientationLandscapeRight";
				INFOPLIST_KEY_UISupportedInterfaceOrientations_iPhone = "UIInterfaceOrientationPortrait UIInterfaceOrientationLandscapeLeft UIInterfaceOrientationLandscapeRight";
				IPHONEOS_DEPLOYMENT_TARGET = 17.6;
				LD_RUNPATH_SEARCH_PATHS = (
					"$(inherited)",
					"@executable_path/Frameworks",
				);
				MARKETING_VERSION = 1.0;
				PRODUCT_BUNDLE_IDENTIFIER = com.mariaehab.GitLook;
				PRODUCT_NAME = "$(TARGET_NAME)";
				SWIFT_EMIT_LOC_STRINGS = YES;
				SWIFT_VERSION = 5.0;
				TARGETED_DEVICE_FAMILY = "1,2";
			};
			name = Release;
		};
		84C8F2462E57D16500A92991 /* Debug */ = {
			isa = XCBuildConfiguration;
			buildSettings = {
				BUNDLE_LOADER = "$(TEST_HOST)";
				CODE_SIGN_STYLE = Automatic;
				CURRENT_PROJECT_VERSION = 1;
				GENERATE_INFOPLIST_FILE = YES;
				IPHONEOS_DEPLOYMENT_TARGET = 18.5;
				MARKETING_VERSION = 1.0;
				PRODUCT_BUNDLE_IDENTIFIER = com.mariaehab.GitLookTests;
				PRODUCT_NAME = "$(TARGET_NAME)";
				SWIFT_EMIT_LOC_STRINGS = NO;
				SWIFT_VERSION = 5.0;
				TARGETED_DEVICE_FAMILY = "1,2";
				TEST_HOST = "$(BUILT_PRODUCTS_DIR)/GitExplore.app/$(BUNDLE_EXECUTABLE_FOLDER_PATH)/GitExplore";
			};
			name = Debug;
		};
		84C8F2472E57D16500A92991 /* Release */ = {
			isa = XCBuildConfiguration;
			buildSettings = {
				BUNDLE_LOADER = "$(TEST_HOST)";
				CODE_SIGN_STYLE = Automatic;
				CURRENT_PROJECT_VERSION = 1;
				GENERATE_INFOPLIST_FILE = YES;
				IPHONEOS_DEPLOYMENT_TARGET = 18.5;
				MARKETING_VERSION = 1.0;
				PRODUCT_BUNDLE_IDENTIFIER = com.mariaehab.GitLookTests;
				PRODUCT_NAME = "$(TARGET_NAME)";
				SWIFT_EMIT_LOC_STRINGS = NO;
				SWIFT_VERSION = 5.0;
				TARGETED_DEVICE_FAMILY = "1,2";
				TEST_HOST = "$(BUILT_PRODUCTS_DIR)/GitExplore.app/$(BUNDLE_EXECUTABLE_FOLDER_PATH)/GitExplore";
			};
			name = Release;
		};
		84C8F2492E57D16500A92991 /* Debug */ = {
			isa = XCBuildConfiguration;
			buildSettings = {
				CODE_SIGN_STYLE = Automatic;
				CURRENT_PROJECT_VERSION = 1;
				GENERATE_INFOPLIST_FILE = YES;
				MARKETING_VERSION = 1.0;
				PRODUCT_BUNDLE_IDENTIFIER = com.mariaehab.GitLookUITests;
				PRODUCT_NAME = "$(TARGET_NAME)";
				SWIFT_EMIT_LOC_STRINGS = NO;
				SWIFT_VERSION = 5.0;
				TARGETED_DEVICE_FAMILY = "1,2";
				TEST_TARGET_NAME = GitLook;
			};
			name = Debug;
		};
		84C8F24A2E57D16500A92991 /* Release */ = {
			isa = XCBuildConfiguration;
			buildSettings = {
				CODE_SIGN_STYLE = Automatic;
				CURRENT_PROJECT_VERSION = 1;
				GENERATE_INFOPLIST_FILE = YES;
				MARKETING_VERSION = 1.0;
				PRODUCT_BUNDLE_IDENTIFIER = com.mariaehab.GitLookUITests;
				PRODUCT_NAME = "$(TARGET_NAME)";
				SWIFT_EMIT_LOC_STRINGS = NO;
				SWIFT_VERSION = 5.0;
				TARGETED_DEVICE_FAMILY = "1,2";
				TEST_TARGET_NAME = GitLook;
			};
			name = Release;
		};
/* End XCBuildConfiguration section */

/* Begin XCConfigurationList section */
		84C8F21A2E57D16400A92991 /* Build configuration list for PBXProject "GitExplore" */ = {
			isa = XCConfigurationList;
			buildConfigurations = (
				84C8F2402E57D16500A92991 /* Debug */,
				84C8F2412E57D16500A92991 /* Release */,
			);
			defaultConfigurationIsVisible = 0;
			defaultConfigurationName = Release;
		};
		84C8F2422E57D16500A92991 /* Build configuration list for PBXNativeTarget "GitExplore" */ = {
			isa = XCConfigurationList;
			buildConfigurations = (
				84C8F2432E57D16500A92991 /* Debug */,
				84C8F2442E57D16500A92991 /* Release */,
			);
			defaultConfigurationIsVisible = 0;
			defaultConfigurationName = Release;
		};
		84C8F2452E57D16500A92991 /* Build configuration list for PBXNativeTarget "GitExploreTests" */ = {
			isa = XCConfigurationList;
			buildConfigurations = (
				84C8F2462E57D16500A92991 /* Debug */,
				84C8F2472E57D16500A92991 /* Release */,
			);
			defaultConfigurationIsVisible = 0;
			defaultConfigurationName = Release;
		};
		84C8F2482E57D16500A92991 /* Build configuration list for PBXNativeTarget "GitExploreUITests" */ = {
			isa = XCConfigurationList;
			buildConfigurations = (
				84C8F2492E57D16500A92991 /* Debug */,
				84C8F24A2E57D16500A92991 /* Release */,
			);
			defaultConfigurationIsVisible = 0;
			defaultConfigurationName = Release;
		};
/* End XCConfigurationList section */

/* Begin XCRemoteSwiftPackageReference section */
		841D2F882E5B210B00D622AC /* XCRemoteSwiftPackageReference "lottie-ios" */ = {
			isa = XCRemoteSwiftPackageReference;
			repositoryURL = "https://github.com/airbnb/lottie-ios";
			requirement = {
				kind = upToNextMajorVersion;
				minimumVersion = 4.5.2;
			};
		};
/* End XCRemoteSwiftPackageReference section */

/* Begin XCSwiftPackageProductDependency section */
		841D2F892E5B217700D622AC /* Lottie */ = {
			isa = XCSwiftPackageProductDependency;
			package = 841D2F882E5B210B00D622AC /* XCRemoteSwiftPackageReference "lottie-ios" */;
			productName = Lottie;
		};
/* End XCSwiftPackageProductDependency section */
	};
	rootObject = 84C8F2172E57D16400A92991 /* Project object */;
}
